{
  "lockfile-version": 1,
  "manifest": {
    "schema-version": "1.12.0",
    "install": {
      "acdev": {
        "pkg-path": "jbayer/acdev",
        "version": "0.1.2"
      }
    },
    "profile": {
      "bash": "  [ -r \"$FLOX_ENV/share/acdev/hooks/acdev.bash\" ] && . \"$FLOX_ENV/share/acdev/hooks/acdev.bash\"\n",
      "zsh": "  [ -r \"$FLOX_ENV/share/acdev/hooks/acdev.zsh\" ] && . \"$FLOX_ENV/share/acdev/hooks/acdev.zsh\"\n",
      "fish": "  test -r \"$FLOX_ENV/share/acdev/hooks/acdev.fish\"; and source \"$FLOX_ENV/share/acdev/hooks/acdev.fish\"\n"
    },
    "options": {
      "systems": [
        "aarch64-darwin"
      ]
    }
  },
  "packages": [
    {
      "attr_path": "acdev",
      "derivation": "/nix/store/49h6a7cnw7vgcmx2spknnh12jfrfzsam-acdev-0.1.2.drv",
      "description": "Seamless cd->container-shell handoff on macOS using Apple's container CLI",
      "install_id": "acdev",
      "locked_url": "ssh://git@github.com/jbayer/acdev.git?rev=4fc0a2d564564c3e8df1da868e111b05338afc71",
      "name": "acdev-0.1.2",
      "pname": "acdev",
      "rev": "4fc0a2d564564c3e8df1da868e111b05338afc71",
      "rev_count": 28,
      "rev_date": "2026-06-01T23:02:47Z",
      "scrape_date": "2026-06-01T23:06:10.428714Z",
      "stabilities": [
        "staging",
        "unstable"
      ],
      "version": "0.1.2",
      "outputs_to_install": [
        "out"
      ],
      "outputs": {
        "out": "/nix/store/36xk7swnb5fbf9wkb2w1d035qkjw0q5a-acdev-0.1.2"
      },
      "system": "aarch64-darwin",
      "group": "toplevel",
      "priority": 5
    }
  ]
}
