{
  "lockfile-version": 1,
  "manifest": {
    "schema-version": "1.12.0",
    "install": {
      "acdev": {
        "pkg-path": "jbayer/acdev"
      }
    },
    "profile": {
      "bash": "  [ -r \"$FLOX_ENV/share/acdev/hooks/acdev.bash\" ] && . \"$FLOX_ENV/share/acdev/hooks/acdev.bash\"\n",
      "zsh": "  [ -r \"$FLOX_ENV/share/acdev/hooks/acdev.zsh\" ] && . \"$FLOX_ENV/share/acdev/hooks/acdev.zsh\"\n",
      "fish": "  test -r \"$FLOX_ENV/share/acdev/hooks/acdev.fish\"; and source \"$FLOX_ENV/share/acdev/hooks/acdev.fish\"\n"
    },
    "options": {
      "systems": [
        "aarch64-darwin"
      ]
    }
  },
  "packages": [
    {
      "attr_path": "acdev",
      "derivation": "/nix/store/lyai27w8513vcjx3zcc8p37w9jvi0263-acdev-0.1.0.drv",
      "description": "Seamless cd->container-shell handoff on macOS using Apple's container CLI",
      "install_id": "acdev",
      "locked_url": "ssh://git@github.com/jbayer/acdev.git?rev=292f9018e3bff2b109e339f4ec27019f0bb46d69",
      "name": "acdev-0.1.0",
      "pname": "acdev",
      "rev": "292f9018e3bff2b109e339f4ec27019f0bb46d69",
      "rev_count": 22,
      "rev_date": "2026-06-01T14:37:52Z",
      "scrape_date": "2026-06-01T14:43:34.720697Z",
      "stabilities": [
        "staging",
        "unstable"
      ],
      "version": "0.1.0",
      "outputs_to_install": [
        "out"
      ],
      "outputs": {
        "out": "/nix/store/v9827pdx2mxvdj8nkzzjsnbaqxf0b9gz-acdev-0.1.0"
      },
      "system": "aarch64-darwin",
      "group": "toplevel",
      "priority": 5
    }
  ]
}
