{
  "lockfile-version": 1,
  "manifest": {
    "schema-version": "1.12.0",
    "install": {
      "acdev": {
        "pkg-path": "jbayer/acdev",
        "version": "0.1.3"
      },
      "gum": {
        "pkg-path": "gum"
      },
      "nginx": {
        "pkg-path": "nginx"
      }
    },
    "profile": {
      "bash": "  [ -r \"$FLOX_ENV/share/acdev/hooks/acdev.bash\" ] && . \"$FLOX_ENV/share/acdev/hooks/acdev.bash\"\n",
      "zsh": "  [ -r \"$FLOX_ENV/share/acdev/hooks/acdev.zsh\" ] && . \"$FLOX_ENV/share/acdev/hooks/acdev.zsh\"\n",
      "fish": "  test -r \"$FLOX_ENV/share/acdev/hooks/acdev.fish\"; and source \"$FLOX_ENV/share/acdev/hooks/acdev.fish\"\n"
    },
    "options": {
      "systems": [
        "aarch64-darwin"
      ]
    },
    "services": {
      "auto-start": true,
      "nix-cache": {
        "command": "ACDEV_NIX_CACHE_DIR=\"$FLOX_ENV_CACHE/nix-cache\" acdev-nix-cache"
      }
    }
  },
  "packages": [
    {
      "attr_path": "acdev",
      "derivation": "/nix/store/y85jgjp6z3fwm2bam59ry2zg109glqyh-acdev-0.1.3.drv",
      "description": "Seamless cd->container-shell handoff on macOS using Apple's container CLI",
      "install_id": "acdev",
      "locked_url": "ssh://git@github.com/jbayer/acdev.git?rev=3d3fc05eacbd2aea1b6447a6b32b46a561976c3f",
      "name": "acdev-0.1.3",
      "pname": "acdev",
      "rev": "3d3fc05eacbd2aea1b6447a6b32b46a561976c3f",
      "rev_count": 45,
      "rev_date": "2026-06-02T04:11:31Z",
      "scrape_date": "2026-06-02T05:00:03.968533Z",
      "stabilities": [
        "staging",
        "unstable"
      ],
      "version": "0.1.3",
      "outputs_to_install": [
        "out"
      ],
      "outputs": {
        "out": "/nix/store/c8srypp0n4im0dnyfv9cc0kazsccmp6v-acdev-0.1.3"
      },
      "system": "aarch64-darwin",
      "group": "toplevel",
      "priority": 5
    },
    {
      "attr_path": "gum",
      "broken": false,
      "derivation": "/nix/store/j8ybq6l473j7zinlzgivynnqb9zvl76a-gum-0.17.0.drv",
      "description": "Tasty Bubble Gum for your shell",
      "install_id": "gum",
      "license": "MIT",
      "locked_url": "https://github.com/flox/nixpkgs?rev=64c08a7ca051951c8eae34e3e3cb1e202fe36786",
      "name": "gum-0.17.0",
      "pname": "gum",
      "rev": "64c08a7ca051951c8eae34e3e3cb1e202fe36786",
      "rev_count": 1004030,
      "rev_date": "2026-05-23T18:24:25Z",
      "scrape_date": "2026-05-26T07:06:04.219243Z",
      "stabilities": [
        "staging",
        "unstable"
      ],
      "unfree": false,
      "version": "0.17.0",
      "outputs_to_install": [
        "out"
      ],
      "outputs": {
        "out": "/nix/store/6jb5frkadampkcmbjynch118cc4smzfj-gum-0.17.0"
      },
      "system": "aarch64-darwin",
      "group": "toplevel",
      "priority": 5
    },
    {
      "attr_path": "nginx",
      "broken": false,
      "derivation": "/nix/store/223g8wsyvhzbyhz2zpwp4bl9dm17j75d-nginx-1.30.2.drv",
      "description": "Reverse proxy and lightweight webserver",
      "install_id": "nginx",
      "license": "[ BSD-2-Clause, BSD-2-Clause, BSD-2-Clause, BSD-2-Clause ]",
      "locked_url": "https://github.com/flox/nixpkgs?rev=64c08a7ca051951c8eae34e3e3cb1e202fe36786",
      "name": "nginx-1.30.2",
      "pname": "nginx",
      "rev": "64c08a7ca051951c8eae34e3e3cb1e202fe36786",
      "rev_count": 1004030,
      "rev_date": "2026-05-23T18:24:25Z",
      "scrape_date": "2026-05-26T07:06:27.456480Z",
      "stabilities": [
        "staging",
        "unstable"
      ],
      "unfree": false,
      "version": "1.30.2",
      "outputs_to_install": [
        "out"
      ],
      "outputs": {
        "doc": "/nix/store/ybl3mg6lqdkx4gf2p7brr7fyawhkdkxp-nginx-1.30.2-doc",
        "out": "/nix/store/9pvs1s4krc3fbd6wpq903lhc9r5dbwcv-nginx-1.30.2"
      },
      "system": "aarch64-darwin",
      "group": "toplevel",
      "priority": 5
    }
  ]
}
