{
  "lockfile-version": 1,
  "manifest": {
    "schema-version": "1.12.0",
    "install": {
      "bats": {
        "pkg-path": "bats"
      },
      "claude-code": {
        "pkg-path": "flox/claude-code",
        "pkg-group": "claude-code"
      },
      "shellcheck": {
        "pkg-path": "shellcheck"
      }
    },
    "options": {
      "systems": [
        "aarch64-darwin"
      ]
    },
    "build": {
      "acdev": {
        "command": "  mkdir -p \"$out/bin\" \"$out/share/acdev/hooks\" \"$out/share/acdev/nix-cache\"\n  cp bin/acdev \"$out/bin/acdev\"\n  chmod 0755 \"$out/bin/acdev\"\n  cp hooks/acdev.bash hooks/acdev.zsh hooks/acdev.fish \"$out/share/acdev/hooks/\"\n  cp nix-cache/nginx.conf.template \"$out/share/acdev/nix-cache/nginx.conf.template\"\n  # Launcher: pin the template path to the package's absolute location.\n  sed \"s|@TEMPLATE_PATH@|$out/share/acdev/nix-cache/nginx.conf.template|g\" \\\n    bin/acdev-nix-cache >\"$out/bin/acdev-nix-cache\"\n  chmod 0755 \"$out/bin/acdev-nix-cache\"\n",
        "runtime-packages": [],
        "version": {
          "command": "grep '^ACDEV_VERSION=' bin/acdev | cut -d'\"' -f2"
        },
        "description": "Seamless cd->container-shell handoff on macOS using Apple's container CLI"
      }
    }
  },
  "packages": [
    {
      "attr_path": "claude-code",
      "broken": false,
      "derivation": "/nix/store/clmrnqmdsv3xyi459hvj3fnm5pqjj936-claude-code-2.1.293.drv",
      "description": "Agentic coding tool from Anthropic",
      "install_id": "claude-code",
      "license": "Unfree",
      "locked_url": "https://github.com/flox/floxenvs?rev=490a80239638987c07e8106e8cbf4e83d9b046fc",
      "name": "claude-code-2.1.293",
      "pname": "claude-code",
      "rev": "490a80239638987c07e8106e8cbf4e83d9b046fc",
      "rev_count": 27401,
      "rev_date": "2026-10-07T18:52:22Z",
      "scrape_date": "2026-10-07T19:40:03.603453Z",
      "stabilities": [
        "unstable",
        "stable",
        "staging"
      ],
      "unfree": true,
      "version": "2.1.293",
      "outputs_to_install": [
        "out"
      ],
      "outputs": {
        "out": "/nix/store/jqbl194p6df86m3b7z2kip1scxrdgb7q-claude-code-2.1.293"
      },
      "system": "aarch64-darwin",
      "group": "claude-code",
      "priority": 5
    },
    {
      "attr_path": "bats",
      "broken": false,
      "derivation": "/nix/store/5q1gv111kj9zihfdr680y9hrcbnh1k55-bats-1.14.0.drv",
      "description": "Bash Automated Testing System",
      "install_id": "bats",
      "license": "MIT",
      "locked_url": "https://github.com/flox/nixpkgs?rev=151fa4e8ddfdd8dd25d945ad94ed54a13de9f6e4",
      "name": "bats-1.14.0",
      "pname": "bats",
      "rev": "151fa4e8ddfdd8dd25d945ad94ed54a13de9f6e4",
      "rev_count": 1086391,
      "rev_date": "2026-10-06T04:29:54Z",
      "scrape_date": "2026-10-07T04:59:37.294559Z",
      "stabilities": [
        "unstable"
      ],
      "unfree": false,
      "version": "1.14.0",
      "outputs_to_install": [
        "out"
      ],
      "outputs": {
        "out": "/nix/store/xx5dj54a51a76xwa2b3j1ryflxf7y7k7-bats-1.14.0"
      },
      "system": "aarch64-darwin",
      "group": "toplevel",
      "priority": 5
    },
    {
      "attr_path": "shellcheck",
      "broken": false,
      "derivation": "/nix/store/kb0isxnk42ix93nha9ryfsvlwh89d6rz-shellcheck-0.11.0.drv",
      "description": "Shell script analysis tool",
      "install_id": "shellcheck",
      "license": "GPL-3.0-only",
      "locked_url": "https://github.com/flox/nixpkgs?rev=151fa4e8ddfdd8dd25d945ad94ed54a13de9f6e4",
      "name": "shellcheck-0.11.0",
      "pname": "shellcheck",
      "rev": "151fa4e8ddfdd8dd25d945ad94ed54a13de9f6e4",
      "rev_count": 1086391,
      "rev_date": "2026-10-06T04:29:54Z",
      "scrape_date": "2026-10-07T05:01:36.143249Z",
      "stabilities": [
        "unstable"
      ],
      "unfree": false,
      "version": "0.11.0",
      "outputs_to_install": [
        "bin",
        "bin",
        "doc",
        "man"
      ],
      "outputs": {
        "bin": "/nix/store/mrjhkn8a9n5zivqf205ka9v22apn273c-shellcheck-0.11.0-bin",
        "doc": "/nix/store/nhkhkr0nym99xbwc6by9r2rarglj3q6j-shellcheck-0.11.0-doc",
        "man": "/nix/store/64c0ikg8dv26b9cfas1i2ji6g95f1wp2-shellcheck-0.11.0-man",
        "out": "/nix/store/xbj2cn83mirgj531v1f55fgi01x3bwjy-shellcheck-0.11.0"
      },
      "system": "aarch64-darwin",
      "group": "toplevel",
      "priority": 5
    }
  ]
}
